// !$*UTF8*$!
{
	archiveVersion = 1;
	classes = {
	};
	objectVersion = 50;
	objects = {

/* Begin PBXBuildFile section */
		4A36E66F248F680E009E0B42 /* AppDelegate.swift in Sources */ = {isa = PBXBuildFile; fileRef = 4A36E66E248F680E009E0B42 /* AppDelegate.swift */; };
		4A36E671248F680E009E0B42 /* SceneDelegate.swift in Sources */ = {isa = PBXBuildFile; fileRef = 4A36E670248F680E009E0B42 /* SceneDelegate.swift */; };
		4A36E673248F680E009E0B42 /* ContentView.swift in Sources */ = {isa = PBXBuildFile; fileRef = 4A36E672248F680E009E0B42 /* ContentView.swift */; };
		4A36E675248F6812009E0B42 /* Assets.xcassets in Resources */ = {isa = PBXBuildFile; fileRef = 4A36E674248F6812009E0B42 /* Assets.xcassets */; };
		4A36E678248F6812009E0B42 /* Preview Assets.xcassets in Resources */ = {isa = PBXBuildFile; fileRef = 4A36E677248F6812009E0B42 /* Preview Assets.xcassets */; };
		4A36E67B248F6812009E0B42 /* LaunchScreen.storyboard in Resources */ = {isa = PBXBuildFile; fileRef = 4A36E679248F6812009E0B42 /* LaunchScreen.storyboard */; };
		4A36E686248F6812009E0B42 /* Example_ZFrameworkTests.swift in Sources */ = {isa = PBXBuildFile; fileRef = 4A36E685248F6812009E0B42 /* Example_ZFrameworkTests.swift */; };
		4A36E691248F6812009E0B42 /* Example_ZFrameworkUITests.swift in Sources */ = {isa = PBXBuildFile; fileRef = 4A36E690248F6812009E0B42 /* Example_ZFrameworkUITests.swift */; };
/* End PBXBuildFile section */

/* Begin PBXContainerItemProxy section */
		4A36E682248F6812009E0B42 /* PBXContainerItemProxy */ = {
			isa = PBXContainerItemProxy;
			containerPortal = 4A36E663248F680D009E0B42 /* Project object */;
			proxyType = 1;
			remoteGlobalIDString = 4A36E66A248F680E009E0B42;
			remoteInfo = "Example-ZFramework";
		};
		4A36E68D248F6812009E0B42 /* PBXContainerItemProxy */ = {
			isa = PBXContainerItemProxy;
			containerPortal = 4A36E663248F680D009E0B42 /* Project object */;
			proxyType = 1;
			remoteGlobalIDString = 4A36E66A248F680E009E0B42;
			remoteInfo = "Example-ZFramework";
		};
/* End PBXContainerItemProxy section */

/* Begin PBXFileReference section */
		4A36E66B248F680E009E0B42 /* Example-ZFramework.app */ = {isa = PBXFileReference; explicitFileType = wrapper.application; includeInIndex = 0; path = "Example-ZFramework.app"; sourceTree = BUILT_PRODUCTS_DIR; };
		4A36E66E248F680E009E0B42 /* AppDelegate.swift */ = {isa = PBXFileReference; lastKnownFileType = sourcecode.swift; path = AppDelegate.swift; sourceTree = "<group>"; };
		4A36E670248F680E009E0B42 /* SceneDelegate.swift */ = {isa = PBXFileReference; lastKnownFileType = sourcecode.swift; path = SceneDelegate.swift; sourceTree = "<group>"; };
		4A36E672248F680E009E0B42 /* ContentView.swift */ = {isa = PBXFileReference; lastKnownFileType = sourcecode.swift; path = ContentView.swift; sourceTree = "<group>"; };
		4A36E674248F6812009E0B42 /* Assets.xcassets */ = {isa = PBXFileReference; lastKnownFileType = folder.assetcatalog; path = Assets.xcassets; sourceTree = "<group>"; };
		4A36E677248F6812009E0B42 /* Preview Assets.xcassets */ = {isa = PBXFileReference; lastKnownFileType = folder.assetcatalog; path = "Preview Assets.xcassets"; sourceTree = "<group>"; };
		4A36E67A248F6812009E0B42 /* Base */ = {isa = PBXFileReference; lastKnownFileType = file.storyboard; name = Base; path = Base.lproj/LaunchScreen.storyboard; sourceTree = "<group>"; };
		4A36E67C248F6812009E0B42 /* Info.plist */ = {isa = PBXFileReference; lastKnownFileType = text.plist.xml; path = Info.plist; sourceTree = "<group>"; };
		4A36E681248F6812009E0B42 /* Example-ZFrameworkTests.xctest */ = {isa = PBXFileReference; explicitFileType = wrapper.cfbundle; includeInIndex = 0; path = "Example-ZFrameworkTests.xctest"; sourceTree = BUILT_PRODUCTS_DIR; };
		4A36E685248F6812009E0B42 /* Example_ZFrameworkTests.swift */ = {isa = PBXFileReference; lastKnownFileType = sourcecode.swift; path = Example_ZFrameworkTests.swift; sourceTree = "<group>"; };
		4A36E687248F6812009E0B42 /* Info.plist */ = {isa = PBXFileReference; lastKnownFileType = text.plist.xml; path = Info.plist; sourceTree = "<group>"; };
		4A36E68C248F6812009E0B42 /* Example-ZFrameworkUITests.xctest */ = {isa = PBXFileReference; explicitFileType = wrapper.cfbundle; includeInIndex = 0; path = "Example-ZFrameworkUITests.xctest"; sourceTree = BUILT_PRODUCTS_DIR; };
		4A36E690248F6812009E0B42 /* Example_ZFrameworkUITests.swift */ = {isa = PBXFileReference; lastKnownFileType = sourcecode.swift; path = Example_ZFrameworkUITests.swift; sourceTree = "<group>"; };
		4A36E692248F6812009E0B42 /* Info.plist */ = {isa = PBXFileReference; lastKnownFileType = text.plist.xml; path = Info.plist; sourceTree = "<group>"; };
/* End PBXFileReference section */

/* Begin PBXFrameworksBuildPhase section */
		4A36E668248F680E009E0B42 /* Frameworks */ = {
			isa = PBXFrameworksBuildPhase;
			buildActionMask = 2147483647;
			files = (
			);
			runOnlyForDeploymentPostprocessing = 0;
		};
		4A36E67E248F6812009E0B42 /* Frameworks */ = {
			isa = PBXFrameworksBuildPhase;
			buildActionMask = 2147483647;
			files = (
			);
			runOnlyForDeploymentPostprocessing = 0;
		};
		4A36E689248F6812009E0B42 /* Frameworks */ = {
			isa = PBXFrameworksBuildPhase;
			buildActionMask = 2147483647;
			files = (
			);
			runOnlyForDeploymentPostprocessing = 0;
		};
/* End PBXFrameworksBuildPhase section */

/* Begin PBXGroup section */
		4A36E662248F680D009E0B42 = {
			isa = PBXGroup;
			children = (
				4A36E66D248F680E009E0B42 /* Example-ZFramework */,
				4A36E684248F6812009E0B42 /* Example-ZFrameworkTests */,
				4A36E68F248F6812009E0B42 /* Example-ZFrameworkUITests */,
				4A36E66C248F680E009E0B42 /* Products */,
			);
			sourceTree = "<group>";
		};
		4A36E66C248F680E009E0B42 /* Products */ = {
			isa = PBXGroup;
			children = (
				4A36E66B248F680E009E0B42 /* Example-ZFramework.app */,
				4A36E681248F6812009E0B42 /* Example-ZFrameworkTests.xctest */,
				4A36E68C248F6812009E0B42 /* Example-ZFrameworkUITests.xctest */,
			);
			name = Products;
			sourceTree = "<group>";
		};
		4A36E66D248F680E009E0B42 /* Example-ZFramework */ = {
			isa = PBXGroup;
			children = (
				4A36E66E248F680E009E0B42 /* AppDelegate.swift */,
				4A36E670248F680E009E0B42 /* SceneDelegate.swift */,
				4A36E672248F680E009E0B42 /* ContentView.swift */,
				4A36E674248F6812009E0B42 /* Assets.xcassets */,
				4A36E679248F6812009E0B42 /* LaunchScreen.storyboard */,
				4A36E67C248F6812009E0B42 /* Info.plist */,
				4A36E676248F6812009E0B42 /* Preview Content */,
			);
			path = "Example-ZFramework";
			sourceTree = "<group>";
		};
		4A36E676248F6812009E0B42 /* Preview Content */ = {
			isa = PBXGroup;
			children = (
				4A36E677248F6812009E0B42 /* Preview Assets.xcassets */,
			);
			path = "Preview Content";
			sourceTree = "<group>";
		};
		4A36E684248F6812009E0B42 /* Example-ZFrameworkTests */ = {
			isa = PBXGroup;
			children = (
				4A36E685248F6812009E0B42 /* Example_ZFrameworkTests.swift */,
				4A36E687248F6812009E0B42 /* Info.plist */,
			);
			path = "Example-ZFrameworkTests";
			sourceTree = "<group>";
		};
		4A36E68F248F6812009E0B42 /* Example-ZFrameworkUITests */ = {
			isa = PBXGroup;
			children = (
				4A36E690248F6812009E0B42 /* Example_ZFrameworkUITests.swift */,
				4A36E692248F6812009E0B42 /* Info.plist */,
			);
			path = "Example-ZFrameworkUITests";
			sourceTree = "<group>";
		};
/* End PBXGroup section */

/* Begin PBXNativeTarget section */
		4A36E66A248F680E009E0B42 /* Example-ZFramework */ = {
			isa = PBXNativeTarget;
			buildConfigurationList = 4A36E695248F6812009E0B42 /* Build configuration list for PBXNativeTarget "Example-ZFramework" */;
			buildPhases = (
				4A36E667248F680E009E0B42 /* Sources */,
				4A36E668248F680E009E0B42 /* Frameworks */,
				4A36E669248F680E009E0B42 /* Resources */,
			);
			buildRules = (
			);
			dependencies = (
			);
			name = "Example-ZFramework";
			productName = "Example-ZFramework";
			productReference = 4A36E66B248F680E009E0B42 /* Example-ZFramework.app */;
			productType = "com.apple.product-type.application";
		};
		4A36E680248F6812009E0B42 /* Example-ZFrameworkTests */ = {
			isa = PBXNativeTarget;
			buildConfigurationList = 4A36E698248F6812009E0B42 /* Build configuration list for PBXNativeTarget "Example-ZFrameworkTests" */;
			buildPhases = (
				4A36E67D248F6812009E0B42 /* Sources */,
				4A36E67E248F6812009E0B42 /* Frameworks */,
				4A36E67F248F6812009E0B42 /* Resources */,
			);
			buildRules = (
			);
			dependencies = (
				4A36E683248F6812009E0B42 /* PBXTargetDependency */,
			);
			name = "Example-ZFrameworkTests";
			productName = "Example-ZFrameworkTests";
			productReference = 4A36E681248F6812009E0B42 /* Example-ZFrameworkTests.xctest */;
			productType = "com.apple.product-type.bundle.unit-test";
		};
		4A36E68B248F6812009E0B42 /* Example-ZFrameworkUITests */ = {
			isa = PBXNativeTarget;
			buildConfigurationList = 4A36E69B248F6812009E0B42 /* Build configuration list for PBXNativeTarget "Example-ZFrameworkUITests" */;
			buildPhases = (
				4A36E688248F6812009E0B42 /* Sources */,
				4A36E689248F6812009E0B42 /* Frameworks */,
				4A36E68A248F6812009E0B42 /* Resources */,
			);
			buildRules = (
			);
			dependencies = (
				4A36E68E248F6812009E0B42 /* PBXTargetDependency */,
			);
			name = "Example-ZFrameworkUITests";
			productName = "Example-ZFrameworkUITests";
			productReference = 4A36E68C248F6812009E0B42 /* Example-ZFrameworkUITests.xctest */;
			productType = "com.apple.product-type.bundle.ui-testing";
		};
/* End PBXNativeTarget section */

/* Begin PBXProject section */
		4A36E663248F680D009E0B42 /* Project object */ = {
			isa = PBXProject;
			attributes = {
				LastSwiftUpdateCheck = 1150;
				LastUpgradeCheck = 1150;
				ORGANIZATIONNAME = Cary;
				TargetAttributes = {
					4A36E66A248F680E009E0B42 = {
						CreatedOnToolsVersion = 11.5;
					};
					4A36E680248F6812009E0B42 = {
						CreatedOnToolsVersion = 11.5;
						TestTargetID = 4A36E66A248F680E009E0B42;
					};
					4A36E68B248F6812009E0B42 = {
						CreatedOnToolsVersion = 11.5;
						TestTargetID = 4A36E66A248F680E009E0B42;
					};
				};
			};
			buildConfigurationList = 4A36E666248F680E009E0B42 /* Build configuration list for PBXProject "Example-ZFramework" */;
			compatibilityVersion = "Xcode 9.3";
			developmentRegion = en;
			hasScannedForEncodings = 0;
			knownRegions = (
				en,
				Base,
			);
			mainGroup = 4A36E662248F680D009E0B42;
			productRefGroup = 4A36E66C248F680E009E0B42 /* Products */;
			projectDirPath = "";
			projectRoot = "";
			targets = (
				4A36E66A248F680E009E0B42 /* Example-ZFramework */,
				4A36E680248F6812009E0B42 /* Example-ZFrameworkTests */,
				4A36E68B248F6812009E0B42 /* Example-ZFrameworkUITests */,
			);
		};
/* End PBXProject section */

/* Begin PBXResourcesBuildPhase section */
		4A36E669248F680E009E0B42 /* Resources */ = {
			isa = PBXResourcesBuildPhase;
			buildActionMask = 2147483647;
			files = (
				4A36E67B248F6812009E0B42 /* LaunchScreen.storyboard in Resources */,
				4A36E678248F6812009E0B42 /* Preview Assets.xcassets in Resources */,
				4A36E675248F6812009E0B42 /* Assets.xcassets in Resources */,
			);
			runOnlyForDeploymentPostprocessing = 0;
		};
		4A36E67F248F6812009E0B42 /* Resources */ = {
			isa = PBXResourcesBuildPhase;
			buildActionMask = 2147483647;
			files = (
			);
			runOnlyForDeploymentPostprocessing = 0;
		};
		4A36E68A248F6812009E0B42 /* Resources */ = {
			isa = PBXResourcesBuildPhase;
			buildActionMask = 2147483647;
			files = (
			);
			runOnlyForDeploymentPostprocessing = 0;
		};
/* End PBXResourcesBuildPhase section */

/* Begin PBXSourcesBuildPhase section */
		4A36E667248F680E009E0B42 /* Sources */ = {
			isa = PBXSourcesBuildPhase;
			buildActionMask = 2147483647;
			files = (
				4A36E66F248F680E009E0B42 /* AppDelegate.swift in Sources */,
				4A36E671248F680E009E0B42 /* SceneDelegate.swift in Sources */,
				4A36E673248F680E009E0B42 /* ContentView.swift in Sources */,
			);
			runOnlyForDeploymentPostprocessing = 0;
		};
		4A36E67D248F6812009E0B42 /* Sources */ = {
			isa = PBXSourcesBuildPhase;
			buildActionMask = 2147483647;
			files = (
				4A36E686248F6812009E0B42 /* Example_ZFrameworkTests.swift in Sources */,
			);
			runOnlyForDeploymentPostprocessing = 0;
		};
		4A36E688248F6812009E0B42 /* Sources */ = {
			isa = PBXSourcesBuildPhase;
			buildActionMask = 2147483647;
			files = (
				4A36E691248F6812009E0B42 /* Example_ZFrameworkUITests.swift in Sources */,
			);
			runOnlyForDeploymentPostprocessing = 0;
		};
/* End PBXSourcesBuildPhase section */

/* Begin PBXTargetDependency section */
		4A36E683248F6812009E0B42 /* PBXTargetDependency */ = {
			isa = PBXTargetDependency;
			target = 4A36E66A248F680E009E0B42 /* Example-ZFramework */;
			targetProxy = 4A36E682248F6812009E0B42 /* PBXContainerItemProxy */;
		};
		4A36E68E248F6812009E0B42 /* PBXTargetDependency */ = {
			isa = PBXTargetDependency;
			target = 4A36E66A248F680E009E0B42 /* Example-ZFramework */;
			targetProxy = 4A36E68D248F6812009E0B42 /* PBXContainerItemProxy */;
		};
/* End PBXTargetDependency section */

/* Begin PBXVariantGroup section */
		4A36E679248F6812009E0B42 /* LaunchScreen.storyboard */ = {
			isa = PBXVariantGroup;
			children = (
				4A36E67A248F6812009E0B42 /* Base */,
			);
			name = LaunchScreen.storyboard;
			sourceTree = "<group>";
		};
/* End PBXVariantGroup section */

/* Begin XCBuildConfiguration section */
		4A36E693248F6812009E0B42 /* Debug */ = {
			isa = XCBuildConfiguration;
			buildSettings = {
				ALWAYS_SEARCH_USER_PATHS = NO;
				CLANG_ANALYZER_NONNULL = YES;
				CLANG_ANALYZER_NUMBER_OBJECT_CONVERSION = YES_AGGRESSIVE;
				CLANG_CXX_LANGUAGE_STANDARD = "gnu++14";
				CLANG_CXX_LIBRARY = "libc++";
				CLANG_ENABLE_MODULES = YES;
				CLANG_ENABLE_OBJC_ARC = YES;
				CLANG_ENABLE_OBJC_WEAK = YES;
				CLANG_WARN_BLOCK_CAPTURE_AUTORELEASING = YES;
				CLANG_WARN_BOOL_CONVERSION = YES;
				CLANG_WARN_COMMA = YES;
				CLANG_WARN_CONSTANT_CONVERSION = YES;
				CLANG_WARN_DEPRECATED_OBJC_IMPLEMENTATIONS = YES;
				CLANG_WARN_DIRECT_OBJC_ISA_USAGE = YES_ERROR;
				CLANG_WARN_DOCUMENTATION_COMMENTS = YES;
				CLANG_WARN_EMPTY_BODY = YES;
				CLANG_WARN_ENUM_CONVERSION = YES;
				CLANG_WARN_INFINITE_RECURSION = YES;
				CLANG_WARN_INT_CONVERSION = YES;
				CLANG_WARN_NON_LITERAL_NULL_CONVERSION = YES;
				CLANG_WARN_OBJC_IMPLICIT_RETAIN_SELF = YES;
				CLANG_WARN_OBJC_LITERAL_CONVERSION = YES;
				CLANG_WARN_OBJC_ROOT_CLASS = YES_ERROR;
				CLANG_WARN_RANGE_LOOP_ANALYSIS = YES;
				CLANG_WARN_STRICT_PROTOTYPES = YES;
				CLANG_WARN_SUSPICIOUS_MOVE = YES;
				CLANG_WARN_UNGUARDED_AVAILABILITY = YES_AGGRESSIVE;
				CLANG_WARN_UNREACHABLE_CODE = YES;
				CLANG_WARN__DUPLICATE_METHOD_MATCH = YES;
				COPY_PHASE_STRIP = NO;
				DEBUG_INFORMATION_FORMAT = dwarf;
				ENABLE_STRICT_OBJC_MSGSEND = YES;
				ENABLE_TESTABILITY = YES;
				GCC_C_LANGUAGE_STANDARD = gnu11;
				GCC_DYNAMIC_NO_PIC = NO;
				GCC_NO_COMMON_BLOCKS = YES;
				GCC_OPTIMIZATION_LEVEL = 0;
				GCC_PREPROCESSOR_DEFINITIONS = (
					"DEBUG=1",
					"$(inherited)",
				);
				GCC_WARN_64_TO_32_BIT_CONVERSION = YES;
				GCC_WARN_ABOUT_RETURN_TYPE = YES_ERROR;
				GCC_WARN_UNDECLARED_SELECTOR = YES;
				GCC_WARN_UNINITIALIZED_AUTOS = YES_AGGRESSIVE;
				GCC_WARN_UNUSED_FUNCTION = YES;
				GCC_WARN_UNUSED_VARIABLE = YES;
				IPHONEOS_DEPLOYMENT_TARGET = 13.5;
				MTL_ENABLE_DEBUG_INFO = INCLUDE_SOURCE;
				MTL_FAST_MATH = YES;
				ONLY_ACTIVE_ARCH = YES;
				SDKROOT = iphoneos;
				SWIFT_ACTIVE_COMPILATION_CONDITIONS = DEBUG;
				SWIFT_OPTIMIZATION_LEVEL = "-Onone";
			};
			name = Debug;
		};
		4A36E694248F6812009E0B42 /* Release */ = {
			isa = XCBuildConfiguration;
			buildSettings = {
				ALWAYS_SEARCH_USER_PATHS = NO;
				CLANG_ANALYZER_NONNULL = YES;
				CLANG_ANALYZER_NUMBER_OBJECT_CONVERSION = YES_AGGRESSIVE;
				CLANG_CXX_LANGUAGE_STANDARD = "gnu++14";
				CLANG_CXX_LIBRARY = "libc++";
				CLANG_ENABLE_MODULES = YES;
				CLANG_ENABLE_OBJC_ARC = YES;
				CLANG_ENABLE_OBJC_WEAK = YES;
				CLANG_WARN_BLOCK_CAPTURE_AUTORELEASING = YES;
				CLANG_WARN_BOOL_CONVERSION = YES;
				CLANG_WARN_COMMA = YES;
				CLANG_WARN_CONSTANT_CONVERSION = YES;
				CLANG_WARN_DEPRECATED_OBJC_IMPLEMENTATIONS = YES;
				CLANG_WARN_DIRECT_OBJC_ISA_USAGE = YES_ERROR;
				CLANG_WARN_DOCUMENTATION_COMMENTS = YES;
				CLANG_WARN_EMPTY_BODY = YES;
				CLANG_WARN_ENUM_CONVERSION = YES;
				CLANG_WARN_INFINITE_RECURSION = YES;
				CLANG_WARN_INT_CONVERSION = YES;
				CLANG_WARN_NON_LITERAL_NULL_CONVERSION = YES;
				CLANG_WARN_OBJC_IMPLICIT_RETAIN_SELF = YES;
				CLANG_WARN_OBJC_LITERAL_CONVERSION = YES;
				CLANG_WARN_OBJC_ROOT_CLASS = YES_ERROR;
				CLANG_WARN_RANGE_LOOP_ANALYSIS = YES;
				CLANG_WARN_STRICT_PROTOTYPES = YES;
				CLANG_WARN_SUSPICIOUS_MOVE = YES;
				CLANG_WARN_UNGUARDED_AVAILABILITY = YES_AGGRESSIVE;
				CLANG_WARN_UNREACHABLE_CODE = YES;
				CLANG_WARN__DUPLICATE_METHOD_MATCH = YES;
				COPY_PHASE_STRIP = NO;
				DEBUG_INFORMATION_FORMAT = "dwarf-with-dsym";
				ENABLE_NS_ASSERTIONS = NO;
				ENABLE_STRICT_OBJC_MSGSEND = YES;
				GCC_C_LANGUAGE_STANDARD = gnu11;
				GCC_NO_COMMON_BLOCKS = YES;
				GCC_WARN_64_TO_32_BIT_CONVERSION = YES;
				GCC_WARN_ABOUT_RETURN_TYPE = YES_ERROR;
				GCC_WARN_UNDECLARED_SELECTOR = YES;
				GCC_WARN_UNINITIALIZED_AUTOS = YES_AGGRESSIVE;
				GCC_WARN_UNUSED_FUNCTION = YES;
				GCC_WARN_UNUSED_VARIABLE = YES;
				IPHONEOS_DEPLOYMENT_TARGET = 13.5;
				MTL_ENABLE_DEBUG_INFO = NO;
				MTL_FAST_MATH = YES;
				SDKROOT = iphoneos;
				SWIFT_COMPILATION_MODE = wholemodule;
				SWIFT_OPTIMIZATION_LEVEL = "-O";
				VALIDATE_PRODUCT = YES;
			};
			name = Release;
		};
		4A36E696248F6812009E0B42 /* Debug */ = {
			isa = XCBuildConfiguration;
			buildSettings = {
				ASSETCATALOG_COMPILER_APPICON_NAME = AppIcon;
				CODE_SIGN_STYLE = Automatic;
				DEVELOPMENT_ASSET_PATHS = "\"Example-ZFramework/Preview Content\"";
				ENABLE_PREVIEWS = YES;
				INFOPLIST_FILE = "Example-ZFramework/Info.plist";
				LD_RUNPATH_SEARCH_PATHS = (
					"$(inherited)",
					"@executable_path/Frameworks",
				);
				PRODUCT_BUNDLE_IDENTIFIER = "com.zzb.Example-ZFramework";
				PRODUCT_NAME = "$(TARGET_NAME)";
				SWIFT_VERSION = 5.0;
				TARGETED_DEVICE_FAMILY = "1,2";
			};
			name = Debug;
		};
		4A36E697248F6812009E0B42 /* Release */ = {
			isa = XCBuildConfiguration;
			buildSettings = {
				ASSETCATALOG_COMPILER_APPICON_NAME = AppIcon;
				CODE_SIGN_STYLE = Automatic;
				DEVELOPMENT_ASSET_PATHS = "\"Example-ZFramework/Preview Content\"";
				ENABLE_PREVIEWS = YES;
				INFOPLIST_FILE = "Example-ZFramework/Info.plist";
				LD_RUNPATH_SEARCH_PATHS = (
					"$(inherited)",
					"@executable_path/Frameworks",
				);
				PRODUCT_BUNDLE_IDENTIFIER = "com.zzb.Example-ZFramework";
				PRODUCT_NAME = "$(TARGET_NAME)";
				SWIFT_VERSION = 5.0;
				TARGETED_DEVICE_FAMILY = "1,2";
			};
			name = Release;
		};
		4A36E699248F6812009E0B42 /* Debug */ = {
			isa = XCBuildConfiguration;
			buildSettings = {
				ALWAYS_EMBED_SWIFT_STANDARD_LIBRARIES = YES;
				BUNDLE_LOADER = "$(TEST_HOST)";
				CODE_SIGN_STYLE = Automatic;
				INFOPLIST_FILE = "Example-ZFrameworkTests/Info.plist";
				IPHONEOS_DEPLOYMENT_TARGET = 13.5;
				LD_RUNPATH_SEARCH_PATHS = (
					"$(inherited)",
					"@executable_path/Frameworks",
					"@loader_path/Frameworks",
				);
				PRODUCT_BUNDLE_IDENTIFIER = "com.zzb.Example-ZFrameworkTests";
				PRODUCT_NAME = "$(TARGET_NAME)";
				SWIFT_VERSION = 5.0;
				TARGETED_DEVICE_FAMILY = "1,2";
				TEST_HOST = "$(BUILT_PRODUCTS_DIR)/Example-ZFramework.app/Example-ZFramework";
			};
			name = Debug;
		};
		4A36E69A248F6812009E0B42 /* Release */ = {
			isa = XCBuildConfiguration;
			buildSettings = {
				ALWAYS_EMBED_SWIFT_STANDARD_LIBRARIES = YES;
				BUNDLE_LOADER = "$(TEST_HOST)";
				CODE_SIGN_STYLE = Automatic;
				INFOPLIST_FILE = "Example-ZFrameworkTests/Info.plist";
				IPHONEOS_DEPLOYMENT_TARGET = 13.5;
				LD_RUNPATH_SEARCH_PATHS = (
					"$(inherited)",
					"@executable_path/Frameworks",
					"@loader_path/Frameworks",
				);
				PRODUCT_BUNDLE_IDENTIFIER = "com.zzb.Example-ZFrameworkTests";
				PRODUCT_NAME = "$(TARGET_NAME)";
				SWIFT_VERSION = 5.0;
				TARGETED_DEVICE_FAMILY = "1,2";
				TEST_HOST = "$(BUILT_PRODUCTS_DIR)/Example-ZFramework.app/Example-ZFramework";
			};
			name = Release;
		};
		4A36E69C248F6812009E0B42 /* Debug */ = {
			isa = XCBuildConfiguration;
			buildSettings = {
				ALWAYS_EMBED_SWIFT_STANDARD_LIBRARIES = YES;
				CODE_SIGN_STYLE = Automatic;
				INFOPLIST_FILE = "Example-ZFrameworkUITests/Info.plist";
				LD_RUNPATH_SEARCH_PATHS = (
					"$(inherited)",
					"@executable_path/Frameworks",
					"@loader_path/Frameworks",
				);
				PRODUCT_BUNDLE_IDENTIFIER = "com.zzb.Example-ZFrameworkUITests";
				PRODUCT_NAME = "$(TARGET_NAME)";
				SWIFT_VERSION = 5.0;
				TARGETED_DEVICE_FAMILY = "1,2";
				TEST_TARGET_NAME = "Example-ZFramework";
			};
			name = Debug;
		};
		4A36E69D248F6812009E0B42 /* Release */ = {
			isa = XCBuildConfiguration;
			buildSettings = {
				ALWAYS_EMBED_SWIFT_STANDARD_LIBRARIES = YES;
				CODE_SIGN_STYLE = Automatic;
				INFOPLIST_FILE = "Example-ZFrameworkUITests/Info.plist";
				LD_RUNPATH_SEARCH_PATHS = (
					"$(inherited)",
					"@executable_path/Frameworks",
					"@loader_path/Frameworks",
				);
				PRODUCT_BUNDLE_IDENTIFIER = "com.zzb.Example-ZFrameworkUITests";
				PRODUCT_NAME = "$(TARGET_NAME)";
				SWIFT_VERSION = 5.0;
				TARGETED_DEVICE_FAMILY = "1,2";
				TEST_TARGET_NAME = "Example-ZFramework";
			};
			name = Release;
		};
/* End XCBuildConfiguration section */

/* Begin XCConfigurationList section */
		4A36E666248F680E009E0B42 /* Build configuration list for PBXProject "Example-ZFramework" */ = {
			isa = XCConfigurationList;
			buildConfigurations = (
				4A36E693248F6812009E0B42 /* Debug */,
				4A36E694248F6812009E0B42 /* Release */,
			);
			defaultConfigurationIsVisible = 0;
			defaultConfigurationName = Release;
		};
		4A36E695248F6812009E0B42 /* Build configuration list for PBXNativeTarget "Example-ZFramework" */ = {
			isa = XCConfigurationList;
			buildConfigurations = (
				4A36E696248F6812009E0B42 /* Debug */,
				4A36E697248F6812009E0B42 /* Release */,
			);
			defaultConfigurationIsVisible = 0;
			defaultConfigurationName = Release;
		};
		4A36E698248F6812009E0B42 /* Build configuration list for PBXNativeTarget "Example-ZFrameworkTests" */ = {
			isa = XCConfigurationList;
			buildConfigurations = (
				4A36E699248F6812009E0B42 /* Debug */,
				4A36E69A248F6812009E0B42 /* Release */,
			);
			defaultConfigurationIsVisible = 0;
			defaultConfigurationName = Release;
		};
		4A36E69B248F6812009E0B42 /* Build configuration list for PBXNativeTarget "Example-ZFrameworkUITests" */ = {
			isa = XCConfigurationList;
			buildConfigurations = (
				4A36E69C248F6812009E0B42 /* Debug */,
				4A36E69D248F6812009E0B42 /* Release */,
			);
			defaultConfigurationIsVisible = 0;
			defaultConfigurationName = Release;
		};
/* End XCConfigurationList section */
	};
	rootObject = 4A36E663248F680D009E0B42 /* Project object */;
}
